// !$*UTF8*$!
{
	archiveVersion = 1;
	classes = {
	};
	objectVersion = 56;
	objects = {

/* Begin PBXBuildFile section */
		915BEBBB2B642EF00084755F /* EducationInterior.swift in Sources */ = {isa = PBXBuildFile; fileRef = 915BEBBA2B642EF00084755F /* EducationInterior.swift */; };
		915BEBBD2B6435000084755F /* EducationExterior.swift in Sources */ = {isa = PBXBuildFile; fileRef = 915BEBBC2B6435000084755F /* EducationExterior.swift */; };
		915BEBBF2B6436900084755F /* BusSheet.swift in Sources */ = {isa = PBXBuildFile; fileRef = 915BEBBE2B6436900084755F /* BusSheet.swift */; };
		915BEBC52B6456770084755F /* SFElement.swift in Sources */ = {isa = PBXBuildFile; fileRef = 915BEBC42B6456770084755F /* SFElement.swift */; };
		915BEBCC2B65BFAF0084755F /* PopupPrompts.swift in Sources */ = {isa = PBXBuildFile; fileRef = 915BEBCB2B65BFAF0084755F /* PopupPrompts.swift */; };
		915BEBCE2B65D8840084755F /* SparklesSheet.swift in Sources */ = {isa = PBXBuildFile; fileRef = 915BEBCD2B65D8840084755F /* SparklesSheet.swift */; };
		915BEBD02B6626070084755F /* UserData.swift in Sources */ = {isa = PBXBuildFile; fileRef = 915BEBCF2B6626070084755F /* UserData.swift */; };
		915BEBD22B662B000084755F /* WelcomeSheet.swift in Sources */ = {isa = PBXBuildFile; fileRef = 915BEBD12B662B000084755F /* WelcomeSheet.swift */; };
		9177941C2B685415000119AD /* SFTask.swift in Sources */ = {isa = PBXBuildFile; fileRef = 9177941B2B685415000119AD /* SFTask.swift */; };
		91B9F8132B6043EB00CDFD26 /* SFriendApp.swift in Sources */ = {isa = PBXBuildFile; fileRef = 91B9F8122B6043EB00CDFD26 /* SFriendApp.swift */; };
		91B9F8152B6043EB00CDFD26 /* ContentView.swift in Sources */ = {isa = PBXBuildFile; fileRef = 91B9F8142B6043EB00CDFD26 /* ContentView.swift */; };
		91B9F8172B6043EB00CDFD26 /* Item.swift in Sources */ = {isa = PBXBuildFile; fileRef = 91B9F8162B6043EB00CDFD26 /* Item.swift */; };
		91B9F8192B6043ED00CDFD26 /* Assets.xcassets in Resources */ = {isa = PBXBuildFile; fileRef = 91B9F8182B6043ED00CDFD26 /* Assets.xcassets */; };
		91B9F81C2B6043ED00CDFD26 /* Preview Assets.xcassets in Resources */ = {isa = PBXBuildFile; fileRef = 91B9F81B2B6043ED00CDFD26 /* Preview Assets.xcassets */; };
		91B9F8232B60595D00CDFD26 /* HouseInterior.swift in Sources */ = {isa = PBXBuildFile; fileRef = 91B9F8222B60595D00CDFD26 /* HouseInterior.swift */; };
		91B9F8252B60599E00CDFD26 /* HouseExterior.swift in Sources */ = {isa = PBXBuildFile; fileRef = 91B9F8242B60599E00CDFD26 /* HouseExterior.swift */; };
		91B9F8272B61602500CDFD26 /* MenuOverlay.swift in Sources */ = {isa = PBXBuildFile; fileRef = 91B9F8262B61602500CDFD26 /* MenuOverlay.swift */; };
		91B9F8292B6169D000CDFD26 /* MenuSheet.swift in Sources */ = {isa = PBXBuildFile; fileRef = 91B9F8282B6169D000CDFD26 /* MenuSheet.swift */; };
		91B9F82B2B61C6EF00CDFD26 /* CalendarSheet.swift in Sources */ = {isa = PBXBuildFile; fileRef = 91B9F82A2B61C6EF00CDFD26 /* CalendarSheet.swift */; };
/* End PBXBuildFile section */

/* Begin PBXFileReference section */
		915BEBBA2B642EF00084755F /* EducationInterior.swift */ = {isa = PBXFileReference; lastKnownFileType = sourcecode.swift; path = EducationInterior.swift; sourceTree = "<group>"; };
		915BEBBC2B6435000084755F /* EducationExterior.swift */ = {isa = PBXFileReference; lastKnownFileType = sourcecode.swift; path = EducationExterior.swift; sourceTree = "<group>"; };
		915BEBBE2B6436900084755F /* BusSheet.swift */ = {isa = PBXFileReference; lastKnownFileType = sourcecode.swift; path = BusSheet.swift; sourceTree = "<group>"; };
		915BEBC42B6456770084755F /* SFElement.swift */ = {isa = PBXFileReference; lastKnownFileType = sourcecode.swift; path = SFElement.swift; sourceTree = "<group>"; };
		915BEBCB2B65BFAF0084755F /* PopupPrompts.swift */ = {isa = PBXFileReference; lastKnownFileType = sourcecode.swift; path = PopupPrompts.swift; sourceTree = "<group>"; };
		915BEBCD2B65D8840084755F /* SparklesSheet.swift */ = {isa = PBXFileReference; lastKnownFileType = sourcecode.swift; path = SparklesSheet.swift; sourceTree = "<group>"; };
		915BEBCF2B6626070084755F /* UserData.swift */ = {isa = PBXFileReference; lastKnownFileType = sourcecode.swift; path = UserData.swift; sourceTree = "<group>"; };
		915BEBD12B662B000084755F /* WelcomeSheet.swift */ = {isa = PBXFileReference; lastKnownFileType = sourcecode.swift; path = WelcomeSheet.swift; sourceTree = "<group>"; };
		9177941B2B685415000119AD /* SFTask.swift */ = {isa = PBXFileReference; lastKnownFileType = sourcecode.swift; path = SFTask.swift; sourceTree = "<group>"; };
		91B9F80F2B6043EB00CDFD26 /* SFriend.app */ = {isa = PBXFileReference; explicitFileType = wrapper.application; includeInIndex = 0; path = SFriend.app; sourceTree = BUILT_PRODUCTS_DIR; };
		91B9F8122B6043EB00CDFD26 /* SFriendApp.swift */ = {isa = PBXFileReference; lastKnownFileType = sourcecode.swift; path = SFriendApp.swift; sourceTree = "<group>"; };
		91B9F8142B6043EB00CDFD26 /* ContentView.swift */ = {isa = PBXFileReference; lastKnownFileType = sourcecode.swift; path = ContentView.swift; sourceTree = "<group>"; };
		91B9F8162B6043EB00CDFD26 /* Item.swift */ = {isa = PBXFileReference; lastKnownFileType = sourcecode.swift; path = Item.swift; sourceTree = "<group>"; };
		91B9F8182B6043ED00CDFD26 /* Assets.xcassets */ = {isa = PBXFileReference; lastKnownFileType = folder.assetcatalog; path = Assets.xcassets; sourceTree = "<group>"; };
		91B9F81B2B6043ED00CDFD26 /* Preview Assets.xcassets */ = {isa = PBXFileReference; lastKnownFileType = folder.assetcatalog; path = "Preview Assets.xcassets"; sourceTree = "<group>"; };
		91B9F8222B60595D00CDFD26 /* HouseInterior.swift */ = {isa = PBXFileReference; lastKnownFileType = sourcecode.swift; path = HouseInterior.swift; sourceTree = "<group>"; };
		91B9F8242B60599E00CDFD26 /* HouseExterior.swift */ = {isa = PBXFileReference; lastKnownFileType = sourcecode.swift; path = HouseExterior.swift; sourceTree = "<group>"; };
		91B9F8262B61602500CDFD26 /* MenuOverlay.swift */ = {isa = PBXFileReference; lastKnownFileType = sourcecode.swift; path = MenuOverlay.swift; sourceTree = "<group>"; };
		91B9F8282B6169D000CDFD26 /* MenuSheet.swift */ = {isa = PBXFileReference; lastKnownFileType = sourcecode.swift; path = MenuSheet.swift; sourceTree = "<group>"; };
		91B9F82A2B61C6EF00CDFD26 /* CalendarSheet.swift */ = {isa = PBXFileReference; lastKnownFileType = sourcecode.swift; path = CalendarSheet.swift; sourceTree = "<group>"; };
/* End PBXFileReference section */

/* Begin PBXFrameworksBuildPhase section */
		91B9F80C2B6043EB00CDFD26 /* Frameworks */ = {
			isa = PBXFrameworksBuildPhase;
			buildActionMask = 2147483647;
			files = (
			);
			runOnlyForDeploymentPostprocessing = 0;
		};
/* End PBXFrameworksBuildPhase section */

/* Begin PBXGroup section */
		915BEBC62B6475090084755F /* Views */ = {
			isa = PBXGroup;
			children = (
				91B9F8142B6043EB00CDFD26 /* ContentView.swift */,
				91B9F8242B60599E00CDFD26 /* HouseExterior.swift */,
				91B9F8222B60595D00CDFD26 /* HouseInterior.swift */,
				915BEBBC2B6435000084755F /* EducationExterior.swift */,
				915BEBBA2B642EF00084755F /* EducationInterior.swift */,
				91B9F8262B61602500CDFD26 /* MenuOverlay.swift */,
			);
			path = Views;
			sourceTree = "<group>";
		};
		915BEBC72B64752C0084755F /* Sheets */ = {
			isa = PBXGroup;
			children = (
				91B9F8282B6169D000CDFD26 /* MenuSheet.swift */,
				91B9F82A2B61C6EF00CDFD26 /* CalendarSheet.swift */,
				915BEBBE2B6436900084755F /* BusSheet.swift */,
				915BEBCD2B65D8840084755F /* SparklesSheet.swift */,
				915BEBD12B662B000084755F /* WelcomeSheet.swift */,
			);
			path = Sheets;
			sourceTree = "<group>";
		};
		915BEBC92B6475B00084755F /* Custom Elements */ = {
			isa = PBXGroup;
			children = (
				915BEBC42B6456770084755F /* SFElement.swift */,
				915BEBCB2B65BFAF0084755F /* PopupPrompts.swift */,
			);
			path = "Custom Elements";
			sourceTree = "<group>";
		};
		915BEBCA2B64761C0084755F /* Data */ = {
			isa = PBXGroup;
			children = (
				91B9F8162B6043EB00CDFD26 /* Item.swift */,
				915BEBCF2B6626070084755F /* UserData.swift */,
				9177941B2B685415000119AD /* SFTask.swift */,
			);
			path = Data;
			sourceTree = "<group>";
		};
		91B9F8062B6043EB00CDFD26 = {
			isa = PBXGroup;
			children = (
				91B9F8112B6043EB00CDFD26 /* SFriend */,
				91B9F8102B6043EB00CDFD26 /* Products */,
			);
			sourceTree = "<group>";
		};
		91B9F8102B6043EB00CDFD26 /* Products */ = {
			isa = PBXGroup;
			children = (
				91B9F80F2B6043EB00CDFD26 /* SFriend.app */,
			);
			name = Products;
			sourceTree = "<group>";
		};
		91B9F8112B6043EB00CDFD26 /* SFriend */ = {
			isa = PBXGroup;
			children = (
				91B9F8122B6043EB00CDFD26 /* SFriendApp.swift */,
				915BEBCA2B64761C0084755F /* Data */,
				915BEBC62B6475090084755F /* Views */,
				915BEBC72B64752C0084755F /* Sheets */,
				915BEBC92B6475B00084755F /* Custom Elements */,
				91B9F81A2B6043ED00CDFD26 /* Preview Content */,
				91B9F8182B6043ED00CDFD26 /* Assets.xcassets */,
			);
			path = SFriend;
			sourceTree = "<group>";
		};
		91B9F81A2B6043ED00CDFD26 /* Preview Content */ = {
			isa = PBXGroup;
			children = (
				91B9F81B2B6043ED00CDFD26 /* Preview Assets.xcassets */,
			);
			path = "Preview Content";
			sourceTree = "<group>";
		};
/* End PBXGroup section */

/* Begin PBXNativeTarget section */
		91B9F80E2B6043EB00CDFD26 /* SFriend */ = {
			isa = PBXNativeTarget;
			buildConfigurationList = 91B9F81F2B6043ED00CDFD26 /* Build configuration list for PBXNativeTarget "SFriend" */;
			buildPhases = (
				91B9F80B2B6043EB00CDFD26 /* Sources */,
				91B9F80C2B6043EB00CDFD26 /* Frameworks */,
				91B9F80D2B6043EB00CDFD26 /* Resources */,
			);
			buildRules = (
			);
			dependencies = (
			);
			name = SFriend;
			productName = SFriend;
			productReference = 91B9F80F2B6043EB00CDFD26 /* SFriend.app */;
			productType = "com.apple.product-type.application";
		};
/* End PBXNativeTarget section */

/* Begin PBXProject section */
		91B9F8072B6043EB00CDFD26 /* Project object */ = {
			isa = PBXProject;
			attributes = {
				BuildIndependentTargetsInParallel = 1;
				LastSwiftUpdateCheck = 1520;
				LastUpgradeCheck = 1520;
				TargetAttributes = {
					91B9F80E2B6043EB00CDFD26 = {
						CreatedOnToolsVersion = 15.2;
					};
				};
			};
			buildConfigurationList = 91B9F80A2B6043EB00CDFD26 /* Build configuration list for PBXProject "SFriend" */;
			compatibilityVersion = "Xcode 14.0";
			developmentRegion = en;
			hasScannedForEncodings = 0;
			knownRegions = (
				en,
				Base,
			);
			mainGroup = 91B9F8062B6043EB00CDFD26;
			productRefGroup = 91B9F8102B6043EB00CDFD26 /* Products */;
			projectDirPath = "";
			projectRoot = "";
			targets = (
				91B9F80E2B6043EB00CDFD26 /* SFriend */,
			);
		};
/* End PBXProject section */

/* Begin PBXResourcesBuildPhase section */
		91B9F80D2B6043EB00CDFD26 /* Resources */ = {
			isa = PBXResourcesBuildPhase;
			buildActionMask = 2147483647;
			files = (
				91B9F81C2B6043ED00CDFD26 /* Preview Assets.xcassets in Resources */,
				91B9F8192B6043ED00CDFD26 /* Assets.xcassets in Resources */,
			);
			runOnlyForDeploymentPostprocessing = 0;
		};
/* End PBXResourcesBuildPhase section */

/* Begin PBXSourcesBuildPhase section */
		91B9F80B2B6043EB00CDFD26 /* Sources */ = {
			isa = PBXSourcesBuildPhase;
			buildActionMask = 2147483647;
			files = (
				915BEBCE2B65D8840084755F /* SparklesSheet.swift in Sources */,
				91B9F8292B6169D000CDFD26 /* MenuSheet.swift in Sources */,
				915BEBD22B662B000084755F /* WelcomeSheet.swift in Sources */,
				9177941C2B685415000119AD /* SFTask.swift in Sources */,
				91B9F82B2B61C6EF00CDFD26 /* CalendarSheet.swift in Sources */,
				915BEBD02B6626070084755F /* UserData.swift in Sources */,
				91B9F8152B6043EB00CDFD26 /* ContentView.swift in Sources */,
				915BEBCC2B65BFAF0084755F /* PopupPrompts.swift in Sources */,
				91B9F8272B61602500CDFD26 /* MenuOverlay.swift in Sources */,
				91B9F8172B6043EB00CDFD26 /* Item.swift in Sources */,
				915BEBBB2B642EF00084755F /* EducationInterior.swift in Sources */,
				915BEBBD2B6435000084755F /* EducationExterior.swift in Sources */,
				91B9F8232B60595D00CDFD26 /* HouseInterior.swift in Sources */,
				91B9F8252B60599E00CDFD26 /* HouseExterior.swift in Sources */,
				915BEBC52B6456770084755F /* SFElement.swift in Sources */,
				915BEBBF2B6436900084755F /* BusSheet.swift in Sources */,
				91B9F8132B6043EB00CDFD26 /* SFriendApp.swift in Sources */,
			);
			runOnlyForDeploymentPostprocessing = 0;
		};
/* End PBXSourcesBuildPhase section */

/* Begin XCBuildConfiguration section */
		91B9F81D2B6043ED00CDFD26 /* Debug */ = {
			isa = XCBuildConfiguration;
			buildSettings = {
				ALWAYS_SEARCH_USER_PATHS = NO;
				ASSETCATALOG_COMPILER_GENERATE_SWIFT_ASSET_SYMBOL_EXTENSIONS = YES;
				CLANG_ANALYZER_NONNULL = YES;
				CLANG_ANALYZER_NUMBER_OBJECT_CONVERSION = YES_AGGRESSIVE;
				CLANG_CXX_LANGUAGE_STANDARD = "gnu++20";
				CLANG_ENABLE_MODULES = YES;
				CLANG_ENABLE_OBJC_ARC = YES;
				CLANG_ENABLE_OBJC_WEAK = YES;
				CLANG_WARN_BLOCK_CAPTURE_AUTORELEASING = YES;
				CLANG_WARN_BOOL_CONVERSION = YES;
				CLANG_WARN_COMMA = YES;
				CLANG_WARN_CONSTANT_CONVERSION = YES;
				CLANG_WARN_DEPRECATED_OBJC_IMPLEMENTATIONS = YES;
				CLANG_WARN_DIRECT_OBJC_ISA_USAGE = YES_ERROR;
				CLANG_WARN_DOCUMENTATION_COMMENTS = YES;
				CLANG_WARN_EMPTY_BODY = YES;
				CLANG_WARN_ENUM_CONVERSION = YES;
				CLANG_WARN_INFINITE_RECURSION = YES;
				CLANG_WARN_INT_CONVERSION = YES;
				CLANG_WARN_NON_LITERAL_NULL_CONVERSION = YES;
				CLANG_WARN_OBJC_IMPLICIT_RETAIN_SELF = YES;
				CLANG_WARN_OBJC_LITERAL_CONVERSION = YES;
				CLANG_WARN_OBJC_ROOT_CLASS = YES_ERROR;
				CLANG_WARN_QUOTED_INCLUDE_IN_FRAMEWORK_HEADER = YES;
				CLANG_WARN_RANGE_LOOP_ANALYSIS = YES;
				CLANG_WARN_STRICT_PROTOTYPES = YES;
				CLANG_WARN_SUSPICIOUS_MOVE = YES;
				CLANG_WARN_UNGUARDED_AVAILABILITY = YES_AGGRESSIVE;
				CLANG_WARN_UNREACHABLE_CODE = YES;
				CLANG_WARN__DUPLICATE_METHOD_MATCH = YES;
				COPY_PHASE_STRIP = NO;
				DEBUG_INFORMATION_FORMAT = dwarf;
				ENABLE_STRICT_OBJC_MSGSEND = YES;
				ENABLE_TESTABILITY = YES;
				ENABLE_USER_SCRIPT_SANDBOXING = YES;
				GCC_C_LANGUAGE_STANDARD = gnu17;
				GCC_DYNAMIC_NO_PIC = NO;
				GCC_NO_COMMON_BLOCKS = YES;
				GCC_OPTIMIZATION_LEVEL = 0;
				GCC_PREPROCESSOR_DEFINITIONS = (
					"DEBUG=1",
					"$(inherited)",
				);
				GCC_WARN_64_TO_32_BIT_CONVERSION = YES;
				GCC_WARN_ABOUT_RETURN_TYPE = YES_ERROR;
				GCC_WARN_UNDECLARED_SELECTOR = YES;
				GCC_WARN_UNINITIALIZED_AUTOS = YES_AGGRESSIVE;
				GCC_WARN_UNUSED_FUNCTION = YES;
				GCC_WARN_UNUSED_VARIABLE = YES;
				IPHONEOS_DEPLOYMENT_TARGET = 17.2;
				LOCALIZATION_PREFERS_STRING_CATALOGS = YES;
				MTL_ENABLE_DEBUG_INFO = INCLUDE_SOURCE;
				MTL_FAST_MATH = YES;
				ONLY_ACTIVE_ARCH = YES;
				SDKROOT = iphoneos;
				SWIFT_ACTIVE_COMPILATION_CONDITIONS = "DEBUG $(inherited)";
				SWIFT_OPTIMIZATION_LEVEL = "-Onone";
			};
			name = Debug;
		};
		91B9F81E2B6043ED00CDFD26 /* Release */ = {
			isa = XCBuildConfiguration;
			buildSettings = {
				ALWAYS_SEARCH_USER_PATHS = NO;
				ASSETCATALOG_COMPILER_GENERATE_SWIFT_ASSET_SYMBOL_EXTENSIONS = YES;
				CLANG_ANALYZER_NONNULL = YES;
				CLANG_ANALYZER_NUMBER_OBJECT_CONVERSION = YES_AGGRESSIVE;
				CLANG_CXX_LANGUAGE_STANDARD = "gnu++20";
				CLANG_ENABLE_MODULES = YES;
				CLANG_ENABLE_OBJC_ARC = YES;
				CLANG_ENABLE_OBJC_WEAK = YES;
				CLANG_WARN_BLOCK_CAPTURE_AUTORELEASING = YES;
				CLANG_WARN_BOOL_CONVERSION = YES;
				CLANG_WARN_COMMA = YES;
				CLANG_WARN_CONSTANT_CONVERSION = YES;
				CLANG_WARN_DEPRECATED_OBJC_IMPLEMENTATIONS = YES;
				CLANG_WARN_DIRECT_OBJC_ISA_USAGE = YES_ERROR;
				CLANG_WARN_DOCUMENTATION_COMMENTS = YES;
				CLANG_WARN_EMPTY_BODY = YES;
				CLANG_WARN_ENUM_CONVERSION = YES;
				CLANG_WARN_INFINITE_RECURSION = YES;
				CLANG_WARN_INT_CONVERSION = YES;
				CLANG_WARN_NON_LITERAL_NULL_CONVERSION = YES;
				CLANG_WARN_OBJC_IMPLICIT_RETAIN_SELF = YES;
				CLANG_WARN_OBJC_LITERAL_CONVERSION = YES;
				CLANG_WARN_OBJC_ROOT_CLASS = YES_ERROR;
				CLANG_WARN_QUOTED_INCLUDE_IN_FRAMEWORK_HEADER = YES;
				CLANG_WARN_RANGE_LOOP_ANALYSIS = YES;
				CLANG_WARN_STRICT_PROTOTYPES = YES;
				CLANG_WARN_SUSPICIOUS_MOVE = YES;
				CLANG_WARN_UNGUARDED_AVAILABILITY = YES_AGGRESSIVE;
				CLANG_WARN_UNREACHABLE_CODE = YES;
				CLANG_WARN__DUPLICATE_METHOD_MATCH = YES;
				COPY_PHASE_STRIP = NO;
				DEBUG_INFORMATION_FORMAT = "dwarf-with-dsym";
				ENABLE_NS_ASSERTIONS = NO;
				ENABLE_STRICT_OBJC_MSGSEND = YES;
				ENABLE_USER_SCRIPT_SANDBOXING = YES;
				GCC_C_LANGUAGE_STANDARD = gnu17;
				GCC_NO_COMMON_BLOCKS = YES;
				GCC_WARN_64_TO_32_BIT_CONVERSION = YES;
				GCC_WARN_ABOUT_RETURN_TYPE = YES_ERROR;
				GCC_WARN_UNDECLARED_SELECTOR = YES;
				GCC_WARN_UNINITIALIZED_AUTOS = YES_AGGRESSIVE;
				GCC_WARN_UNUSED_FUNCTION = YES;
				GCC_WARN_UNUSED_VARIABLE = YES;
				IPHONEOS_DEPLOYMENT_TARGET = 17.2;
				LOCALIZATION_PREFERS_STRING_CATALOGS = YES;
				MTL_ENABLE_DEBUG_INFO = NO;
				MTL_FAST_MATH = YES;
				SDKROOT = iphoneos;
				SWIFT_COMPILATION_MODE = wholemodule;
				VALIDATE_PRODUCT = YES;
			};
			name = Release;
		};
		91B9F8202B6043ED00CDFD26 /* Debug */ = {
			isa = XCBuildConfiguration;
			buildSettings = {
				ASSETCATALOG_COMPILER_APPICON_NAME = AppIcon;
				ASSETCATALOG_COMPILER_GLOBAL_ACCENT_COLOR_NAME = AccentColor;
				CODE_SIGN_STYLE = Automatic;
				CURRENT_PROJECT_VERSION = 1;
				DEVELOPMENT_ASSET_PATHS = "\"SFriend/Preview Content\"";
				DEVELOPMENT_TEAM = 2T72RH75T5;
				ENABLE_PREVIEWS = YES;
				GENERATE_INFOPLIST_FILE = YES;
				INFOPLIST_KEY_UIApplicationSceneManifest_Generation = YES;
				INFOPLIST_KEY_UIApplicationSupportsIndirectInputEvents = YES;
				INFOPLIST_KEY_UILaunchScreen_Generation = YES;
				INFOPLIST_KEY_UISupportedInterfaceOrientations_iPad = "UIInterfaceOrientationPortrait UIInterfaceOrientationPortraitUpsideDown UIInterfaceOrientationLandscapeLeft UIInterfaceOrientationLandscapeRight";
				INFOPLIST_KEY_UISupportedInterfaceOrientations_iPhone = "UIInterfaceOrientationPortrait UIInterfaceOrientationLandscapeLeft UIInterfaceOrientationLandscapeRight";
				LD_RUNPATH_SEARCH_PATHS = (
					"$(inherited)",
					"@executable_path/Frameworks",
				);
				MARKETING_VERSION = 1.0;
				PRODUCT_BUNDLE_IDENTIFIER = com.landonwest.SFriend;
				PRODUCT_NAME = "$(TARGET_NAME)";
				SWIFT_EMIT_LOC_STRINGS = YES;
				SWIFT_VERSION = 5.0;
				TARGETED_DEVICE_FAMILY = "1,2";
			};
			name = Debug;
		};
		91B9F8212B6043ED00CDFD26 /* Release */ = {
			isa = XCBuildConfiguration;
			buildSettings = {
				ASSETCATALOG_COMPILER_APPICON_NAME = AppIcon;
				ASSETCATALOG_COMPILER_GLOBAL_ACCENT_COLOR_NAME = AccentColor;
				CODE_SIGN_STYLE = Automatic;
				CURRENT_PROJECT_VERSION = 1;
				DEVELOPMENT_ASSET_PATHS = "\"SFriend/Preview Content\"";
				DEVELOPMENT_TEAM = 2T72RH75T5;
				ENABLE_PREVIEWS = YES;
				GENERATE_INFOPLIST_FILE = YES;
				INFOPLIST_KEY_UIApplicationSceneManifest_Generation = YES;
				INFOPLIST_KEY_UIApplicationSupportsIndirectInputEvents = YES;
				INFOPLIST_KEY_UILaunchScreen_Generation = YES;
				INFOPLIST_KEY_UISupportedInterfaceOrientations_iPad = "UIInterfaceOrientationPortrait UIInterfaceOrientationPortraitUpsideDown UIInterfaceOrientationLandscapeLeft UIInterfaceOrientationLandscapeRight";
				INFOPLIST_KEY_UISupportedInterfaceOrientations_iPhone = "UIInterfaceOrientationPortrait UIInterfaceOrientationLandscapeLeft UIInterfaceOrientationLandscapeRight";
				LD_RUNPATH_SEARCH_PATHS = (
					"$(inherited)",
					"@executable_path/Frameworks",
				);
				MARKETING_VERSION = 1.0;
				PRODUCT_BUNDLE_IDENTIFIER = com.landonwest.SFriend;
				PRODUCT_NAME = "$(TARGET_NAME)";
				SWIFT_EMIT_LOC_STRINGS = YES;
				SWIFT_VERSION = 5.0;
				TARGETED_DEVICE_FAMILY = "1,2";
			};
			name = Release;
		};
/* End XCBuildConfiguration section */

/* Begin XCConfigurationList section */
		91B9F80A2B6043EB00CDFD26 /* Build configuration list for PBXProject "SFriend" */ = {
			isa = XCConfigurationList;
			buildConfigurations = (
				91B9F81D2B6043ED00CDFD26 /* Debug */,
				91B9F81E2B6043ED00CDFD26 /* Release */,
			);
			defaultConfigurationIsVisible = 0;
			defaultConfigurationName = Release;
		};
		91B9F81F2B6043ED00CDFD26 /* Build configuration list for PBXNativeTarget "SFriend" */ = {
			isa = XCConfigurationList;
			buildConfigurations = (
				91B9F8202B6043ED00CDFD26 /* Debug */,
				91B9F8212B6043ED00CDFD26 /* Release */,
			);
			defaultConfigurationIsVisible = 0;
			defaultConfigurationName = Release;
		};
/* End XCConfigurationList section */
	};
	rootObject = 91B9F8072B6043EB00CDFD26 /* Project object */;
}
